{
  "name": "bussigo",
  "version": "2.0.0",
  "lockfileVersion": 3,
  "requires": true,
  "packages": {
    "": {
      "name": "bussigo",
      "version": "2.0.0",
      "license": "UNLICENSED",
      "dependencies": {
        "three": "^0.160.0"
      },
      "devDependencies": {
        "eslint": "^8.56.0"
      }
    },
    "node_modules/three": {
      "version": "0.160.0",
      "resolved": "https://registry.npmjs.org/three/-/three-0.160.0.tgz",
      "integrity": "sha512-VafUvvgpnkwoE49YI0B7mtiZ593q5bH/l6l0m84yG3i1A/23IomgGjW10KocVb069d+qO0V6jQ7bV069dQ==",
      "license": "MIT"
    }
  }
}
